
Microsoft Visual Studio Solution File, Format Version 12.00
# Visual Studio Version 17
VisualStudioVersion = 17.9.34728.123
MinimumVisualStudioVersion = 10.0.40219.1
Project("{FAE04EC0-301F-11D3-BF4B-00C04F79EFBC}") = "Reserva_SalaEnsayo", "Reserva_SalaEnsayo.csproj", "{F40F0082-5FAE-4FCD-8E4A-C1B10DC4FC4F}"
EndProject
Global
	GlobalSection(SolutionConfigurationPlatforms) = preSolution
		Debug|Any CPU = Debug|Any CPU
		Release|Any CPU = Release|Any CPU
	EndGlobalSection
	GlobalSection(ProjectConfigurationPlatforms) = postSolution
		{F40F0082-5FAE-4FCD-8E4A-C1B10DC4FC4F}.Debug|Any CPU.ActiveCfg = Debug|Any CPU
		{F40F0082-5FAE-4FCD-8E4A-C1B10DC4FC4F}.Debug|Any CPU.Build.0 = Debug|Any CPU
		{F40F0082-5FAE-4FCD-8E4A-C1B10DC4FC4F}.Release|Any CPU.ActiveCfg = Release|Any CPU
		{F40F0082-5FAE-4FCD-8E4A-C1B10DC4FC4F}.Release|Any CPU.Build.0 = Release|Any CPU
	EndGlobalSection
	GlobalSection(SolutionProperties) = preSolution
		HideSolutionNode = FALSE
	EndGlobalSection
	GlobalSection(ExtensibilityGlobals) = postSolution
		SolutionGuid = {D69BCCDC-919F-4DD4-A5C6-0333FCD02853}
	EndGlobalSection
EndGlobal
